
Microsoft Visual Studio Solution File, Format Version 12.00
# Visual Studio Version 16
VisualStudioVersion = 16.0.31605.320
MinimumVisualStudioVersion = 10.0.40219.1
Project("{FAE04EC0-301F-11D3-BF4B-00C04F79EFBC}") = "EncontrarNumero", "EncontrarNumero\EncontrarNumero.csproj", "{6506218E-E72D-478B-90E3-AD54783019C8}"
EndProject
Global
	GlobalSection(SolutionConfigurationPlatforms) = preSolution
		Debug|Any CPU = Debug|Any CPU
		Release|Any CPU = Release|Any CPU
	EndGlobalSection
	GlobalSection(ProjectConfigurationPlatforms) = postSolution
		{6506218E-E72D-478B-90E3-AD54783019C8}.Debug|Any CPU.ActiveCfg = Debug|Any CPU
		{6506218E-E72D-478B-90E3-AD54783019C8}.Debug|Any CPU.Build.0 = Debug|Any CPU
		{6506218E-E72D-478B-90E3-AD54783019C8}.Release|Any CPU.ActiveCfg = Release|Any CPU
		{6506218E-E72D-478B-90E3-AD54783019C8}.Release|Any CPU.Build.0 = Release|Any CPU
	EndGlobalSection
	GlobalSection(SolutionProperties) = preSolution
		HideSolutionNode = FALSE
	EndGlobalSection
	GlobalSection(ExtensibilityGlobals) = postSolution
		SolutionGuid = {2A51B78F-5E9C-47CA-A8D1-63F9099F5813}
	EndGlobalSection
EndGlobal
