
Microsoft Visual Studio Solution File, Format Version 12.00
# Visual Studio Version 16
VisualStudioVersion = 16.0.31605.320
MinimumVisualStudioVersion = 10.0.40219.1
Project("{FAE04EC0-301F-11D3-BF4B-00C04F79EFBC}") = "NumeroPar", "NumeroPar\NumeroPar.csproj", "{78ED7315-A3A4-41CF-8F8C-F2C91F744D44}"
EndProject
Global
	GlobalSection(SolutionConfigurationPlatforms) = preSolution
		Debug|Any CPU = Debug|Any CPU
		Release|Any CPU = Release|Any CPU
	EndGlobalSection
	GlobalSection(ProjectConfigurationPlatforms) = postSolution
		{78ED7315-A3A4-41CF-8F8C-F2C91F744D44}.Debug|Any CPU.ActiveCfg = Debug|Any CPU
		{78ED7315-A3A4-41CF-8F8C-F2C91F744D44}.Debug|Any CPU.Build.0 = Debug|Any CPU
		{78ED7315-A3A4-41CF-8F8C-F2C91F744D44}.Release|Any CPU.ActiveCfg = Release|Any CPU
		{78ED7315-A3A4-41CF-8F8C-F2C91F744D44}.Release|Any CPU.Build.0 = Release|Any CPU
	EndGlobalSection
	GlobalSection(SolutionProperties) = preSolution
		HideSolutionNode = FALSE
	EndGlobalSection
	GlobalSection(ExtensibilityGlobals) = postSolution
		SolutionGuid = {473D760A-8BC1-487B-ABC3-668FF254F1A5}
	EndGlobalSection
EndGlobal
